PODS:
  - AEXML (4.1.0)
  - DLRadioButton (1.4.9)
  - DragDropUI (1.0.1)
  - ios_core (0.2.0):
    - AEXML
    - DLRadioButton
    - DragDropUI
    - PureLayout
  - PureLayout (3.0.2)

DEPENDENCIES:
  - AEXML
  - DLRadioButton
  - ios_core (from `~/Documents/rychljir/ios_core`)
  - PureLayout

EXTERNAL SOURCES:
  ios_core:
    :path: ~/Documents/rychljir/ios_core

SPEC CHECKSUMS:
  AEXML: 647fbb051280f3fb38a1a7caa62b0344055a851c
  DLRadioButton: 7bb8a6e3768b572469ace553391ab4d2af6f9c19
  DragDropUI: a830fd319f99e75e393af532222da0a18e0d49aa
  ios_core: 16935d3af8e94db82a1110a5558150ee9b275d0f
  PureLayout: 4d550abe49a94f24c2808b9b95db9131685fe4cd

PODFILE CHECKSUM: 8d8659ae9f89d9fb4f24c96a8b9b2cf56dc8d9ef

COCOAPODS: 1.2.1
